// !$*UTF8*$!
{
	archiveVersion = 1;
	classes = {
	};
	objectVersion = 56;
	objects = {

/* Begin PBXBuildFile section */
		0E4E1DD76378738ABC201635 /* Pods_training_ios.framework in Frameworks */ = {isa = PBXBuildFile; fileRef = 335FE9F5E9C068D983F16EF2 /* Pods_training_ios.framework */; };
		74200D6D2ADCF66C0069D796 /* AppDelegate.swift in Sources */ = {isa = PBXBuildFile; fileRef = 74200D6C2ADCF66C0069D796 /* AppDelegate.swift */; };
		74200D6F2ADCF66C0069D796 /* SceneDelegate.swift in Sources */ = {isa = PBXBuildFile; fileRef = 74200D6E2ADCF66C0069D796 /* SceneDelegate.swift */; };
		74200D712ADCF66C0069D796 /* ViewController.swift in Sources */ = {isa = PBXBuildFile; fileRef = 74200D702ADCF66C0069D796 /* ViewController.swift */; };
		74200D762ADCF66D0069D796 /* Assets.xcassets in Resources */ = {isa = PBXBuildFile; fileRef = 74200D752ADCF66D0069D796 /* Assets.xcassets */; };
		74200D792ADCF66D0069D796 /* LaunchScreen.storyboard in Resources */ = {isa = PBXBuildFile; fileRef = 74200D772ADCF66D0069D796 /* LaunchScreen.storyboard */; };
		7422F43F2AEF93DF0035216B /* CreateUserViewController.swift in Sources */ = {isa = PBXBuildFile; fileRef = 7422F43D2AEF93DF0035216B /* CreateUserViewController.swift */; };
		7422F4402AEF93DF0035216B /* CreateUserViewController.xib in Resources */ = {isa = PBXBuildFile; fileRef = 7422F43E2AEF93DF0035216B /* CreateUserViewController.xib */; };
		742E42532ADD4CE100259373 /* ViewController2.swift in Sources */ = {isa = PBXBuildFile; fileRef = 742E42522ADD4CE100259373 /* ViewController2.swift */; };
		7453EB402AE903F900E1FAB3 /* FirebaseAuth in Frameworks */ = {isa = PBXBuildFile; productRef = 7453EB3F2AE903F900E1FAB3 /* FirebaseAuth */; };
		7453EB422AE903F900E1FAB3 /* FirebaseDatabase in Frameworks */ = {isa = PBXBuildFile; productRef = 7453EB412AE903F900E1FAB3 /* FirebaseDatabase */; };
		7453EB442AE903F900E1FAB3 /* FirebaseMessaging in Frameworks */ = {isa = PBXBuildFile; productRef = 7453EB432AE903F900E1FAB3 /* FirebaseMessaging */; };
		7453EB462AE903F900E1FAB3 /* FirebaseStorage in Frameworks */ = {isa = PBXBuildFile; productRef = 7453EB452AE903F900E1FAB3 /* FirebaseStorage */; };
		7453EB4C2AEA590500E1FAB3 /* Week4ViewController.swift in Sources */ = {isa = PBXBuildFile; fileRef = 7453EB4A2AEA590500E1FAB3 /* Week4ViewController.swift */; };
		7453EB4D2AEA590500E1FAB3 /* Week4ViewController.xib in Resources */ = {isa = PBXBuildFile; fileRef = 7453EB4B2AEA590500E1FAB3 /* Week4ViewController.xib */; };
		7453EB502AEF408900E1FAB3 /* Alamofire in Frameworks */ = {isa = PBXBuildFile; productRef = 7453EB4F2AEF408900E1FAB3 /* Alamofire */; };
		7453EB5F2AEF540700E1FAB3 /* APIFetchHandler.swift in Sources */ = {isa = PBXBuildFile; fileRef = 7453EB5E2AEF540700E1FAB3 /* APIFetchHandler.swift */; };
		7453EB622AEF542B00E1FAB3 /* Model.swift in Sources */ = {isa = PBXBuildFile; fileRef = 7453EB612AEF542B00E1FAB3 /* Model.swift */; };
		7453EB6C2AEF839600E1FAB3 /* UserTableViewController.swift in Sources */ = {isa = PBXBuildFile; fileRef = 7453EB6A2AEF839600E1FAB3 /* UserTableViewController.swift */; };
		7453EB6D2AEF839600E1FAB3 /* UserTableViewController.xib in Resources */ = {isa = PBXBuildFile; fileRef = 7453EB6B2AEF839600E1FAB3 /* UserTableViewController.xib */; };
		7495CABE2AE6478A00A02704 /* FSPagerViewController.swift in Sources */ = {isa = PBXBuildFile; fileRef = 7495CABC2AE6478A00A02704 /* FSPagerViewController.swift */; };
		7495CABF2AE6478A00A02704 /* FSPagerViewController.xib in Resources */ = {isa = PBXBuildFile; fileRef = 7495CABD2AE6478A00A02704 /* FSPagerViewController.xib */; };
		7495CAD02AE64E2900A02704 /* PagerViewCell.swift in Sources */ = {isa = PBXBuildFile; fileRef = 7495CACE2AE64E2900A02704 /* PagerViewCell.swift */; };
		7495CAD12AE64E2900A02704 /* PagerViewCell.xib in Resources */ = {isa = PBXBuildFile; fileRef = 7495CACF2AE64E2900A02704 /* PagerViewCell.xib */; };
		7495CAD82AE6576100A02704 /* GoogleSignIn in Frameworks */ = {isa = PBXBuildFile; productRef = 7495CAD72AE6576100A02704 /* GoogleSignIn */; };
		7495CAE12AE65A4100A02704 /* LoginSocialViewController.swift in Sources */ = {isa = PBXBuildFile; fileRef = 7495CADF2AE65A4100A02704 /* LoginSocialViewController.swift */; };
		7495CAE22AE65A4100A02704 /* LoginSocialViewController.xib in Resources */ = {isa = PBXBuildFile; fileRef = 7495CAE02AE65A4100A02704 /* LoginSocialViewController.xib */; };
		7495CAE62AE669C600A02704 /* GoogleService-Info.plist in Resources */ = {isa = PBXBuildFile; fileRef = 7495CAE52AE669C600A02704 /* GoogleService-Info.plist */; };
		749698212ADE7A7F002F48EE /* Week2ViewController.swift in Sources */ = {isa = PBXBuildFile; fileRef = 749698202ADE7A7F002F48EE /* Week2ViewController.swift */; };
		749698232ADE7D9B002F48EE /* Extensions.swift in Sources */ = {isa = PBXBuildFile; fileRef = 749698222ADE7D9B002F48EE /* Extensions.swift */; };
		749698252ADE8E1B002F48EE /* Week2TableViewController.swift in Sources */ = {isa = PBXBuildFile; fileRef = 749698242ADE8E1B002F48EE /* Week2TableViewController.swift */; };
		749698352ADFBDFD002F48EE /* TableViewCell.swift in Sources */ = {isa = PBXBuildFile; fileRef = 749698342ADFBDFD002F48EE /* TableViewCell.swift */; };
		749698372ADFCADF002F48EE /* Week2View.swift in Sources */ = {isa = PBXBuildFile; fileRef = 749698362ADFCADF002F48EE /* Week2View.swift */; };
		7496983B2ADFCE57002F48EE /* Week2CollectionViewController.swift in Sources */ = {isa = PBXBuildFile; fileRef = 7496983A2ADFCE57002F48EE /* Week2CollectionViewController.swift */; };
		7496983E2ADFCF3F002F48EE /* CollectionViewCell.swift in Sources */ = {isa = PBXBuildFile; fileRef = 7496983D2ADFCF3F002F48EE /* CollectionViewCell.swift */; };
		749698412ADFD8E6002F48EE /* Movie.swift in Sources */ = {isa = PBXBuildFile; fileRef = 749698402ADFD8E5002F48EE /* Movie.swift */; };
		749698442AE23E42002F48EE /* Week3ViewController.swift in Sources */ = {isa = PBXBuildFile; fileRef = 749698432AE23E42002F48EE /* Week3ViewController.swift */; };
		749698462AE23E4C002F48EE /* Week3View.swift in Sources */ = {isa = PBXBuildFile; fileRef = 749698452AE23E4C002F48EE /* Week3View.swift */; };
		749698502AE60DD9002F48EE /* Week3XibViewController.swift in Sources */ = {isa = PBXBuildFile; fileRef = 7496984E2AE60DD9002F48EE /* Week3XibViewController.swift */; };
		749698512AE60DD9002F48EE /* Week3XibViewController.xib in Resources */ = {isa = PBXBuildFile; fileRef = 7496984F2AE60DD9002F48EE /* Week3XibViewController.xib */; };
		74AF74562AEFA5E90007FAE1 /* MovieCollectionViewController.swift in Sources */ = {isa = PBXBuildFile; fileRef = 74AF74542AEFA5E90007FAE1 /* MovieCollectionViewController.swift */; };
		74AF74572AEFA5E90007FAE1 /* MovieCollectionViewController.xib in Resources */ = {isa = PBXBuildFile; fileRef = 74AF74552AEFA5E90007FAE1 /* MovieCollectionViewController.xib */; };
		74AF745A2AEFA62D0007FAE1 /* MovieCollectionViewCell.swift in Sources */ = {isa = PBXBuildFile; fileRef = 74AF74582AEFA62D0007FAE1 /* MovieCollectionViewCell.swift */; };
		74AF745B2AEFA62D0007FAE1 /* MovieCollectionViewCell.xib in Resources */ = {isa = PBXBuildFile; fileRef = 74AF74592AEFA62D0007FAE1 /* MovieCollectionViewCell.xib */; };
		74D32A5D2AF0D8A20021294F /* WKBrowserController.swift in Sources */ = {isa = PBXBuildFile; fileRef = 74D32A5C2AF0D8A20021294F /* WKBrowserController.swift */; };
		74D32A602AF1E9450021294F /* Global.swift in Sources */ = {isa = PBXBuildFile; fileRef = 74D32A5F2AF1E9450021294F /* Global.swift */; };
		74ECBA802AE799E8003A358C /* FacebookBasics in Frameworks */ = {isa = PBXBuildFile; productRef = 74ECBA7F2AE799E8003A358C /* FacebookBasics */; };
		74ECBA822AE799E8003A358C /* FacebookCore in Frameworks */ = {isa = PBXBuildFile; productRef = 74ECBA812AE799E8003A358C /* FacebookCore */; };
		74ECBA842AE799E8003A358C /* FacebookLogin in Frameworks */ = {isa = PBXBuildFile; productRef = 74ECBA832AE799E8003A358C /* FacebookLogin */; };
/* End PBXBuildFile section */

/* Begin PBXFileReference section */
		335FE9F5E9C068D983F16EF2 /* Pods_training_ios.framework */ = {isa = PBXFileReference; explicitFileType = wrapper.framework; includeInIndex = 0; path = Pods_training_ios.framework; sourceTree = BUILT_PRODUCTS_DIR; };
		74200D692ADCF66C0069D796 /* training-ios.app */ = {isa = PBXFileReference; explicitFileType = wrapper.application; includeInIndex = 0; path = "training-ios.app"; sourceTree = BUILT_PRODUCTS_DIR; };
		74200D6C2ADCF66C0069D796 /* AppDelegate.swift */ = {isa = PBXFileReference; lastKnownFileType = sourcecode.swift; path = AppDelegate.swift; sourceTree = "<group>"; };
		74200D6E2ADCF66C0069D796 /* SceneDelegate.swift */ = {isa = PBXFileReference; lastKnownFileType = sourcecode.swift; path = SceneDelegate.swift; sourceTree = "<group>"; };
		74200D702ADCF66C0069D796 /* ViewController.swift */ = {isa = PBXFileReference; lastKnownFileType = sourcecode.swift; path = ViewController.swift; sourceTree = "<group>"; };
		74200D752ADCF66D0069D796 /* Assets.xcassets */ = {isa = PBXFileReference; lastKnownFileType = folder.assetcatalog; path = Assets.xcassets; sourceTree = "<group>"; };
		74200D782ADCF66D0069D796 /* Base */ = {isa = PBXFileReference; lastKnownFileType = file.storyboard; name = Base; path = Base.lproj/LaunchScreen.storyboard; sourceTree = "<group>"; };
		74200D7A2ADCF66D0069D796 /* Info.plist */ = {isa = PBXFileReference; lastKnownFileType = text.plist.xml; path = Info.plist; sourceTree = "<group>"; };
		7422F43D2AEF93DF0035216B /* CreateUserViewController.swift */ = {isa = PBXFileReference; lastKnownFileType = sourcecode.swift; path = CreateUserViewController.swift; sourceTree = "<group>"; };
		7422F43E2AEF93DF0035216B /* CreateUserViewController.xib */ = {isa = PBXFileReference; lastKnownFileType = file.xib; path = CreateUserViewController.xib; sourceTree = "<group>"; };
		742E42522ADD4CE100259373 /* ViewController2.swift */ = {isa = PBXFileReference; lastKnownFileType = sourcecode.swift; path = ViewController2.swift; sourceTree = "<group>"; };
		7453EB4A2AEA590500E1FAB3 /* Week4ViewController.swift */ = {isa = PBXFileReference; lastKnownFileType = sourcecode.swift; path = Week4ViewController.swift; sourceTree = "<group>"; };
		7453EB4B2AEA590500E1FAB3 /* Week4ViewController.xib */ = {isa = PBXFileReference; lastKnownFileType = file.xib; path = Week4ViewController.xib; sourceTree = "<group>"; };
		7453EB5E2AEF540700E1FAB3 /* APIFetchHandler.swift */ = {isa = PBXFileReference; lastKnownFileType = sourcecode.swift; path = APIFetchHandler.swift; sourceTree = "<group>"; };
		7453EB612AEF542B00E1FAB3 /* Model.swift */ = {isa = PBXFileReference; lastKnownFileType = sourcecode.swift; path = Model.swift; sourceTree = "<group>"; };
		7453EB6A2AEF839600E1FAB3 /* UserTableViewController.swift */ = {isa = PBXFileReference; lastKnownFileType = sourcecode.swift; path = UserTableViewController.swift; sourceTree = "<group>"; };
		7453EB6B2AEF839600E1FAB3 /* UserTableViewController.xib */ = {isa = PBXFileReference; lastKnownFileType = file.xib; path = UserTableViewController.xib; sourceTree = "<group>"; };
		7495CABC2AE6478A00A02704 /* FSPagerViewController.swift */ = {isa = PBXFileReference; lastKnownFileType = sourcecode.swift; path = FSPagerViewController.swift; sourceTree = "<group>"; };
		7495CABD2AE6478A00A02704 /* FSPagerViewController.xib */ = {isa = PBXFileReference; lastKnownFileType = file.xib; path = FSPagerViewController.xib; sourceTree = "<group>"; };
		7495CACE2AE64E2900A02704 /* PagerViewCell.swift */ = {isa = PBXFileReference; lastKnownFileType = sourcecode.swift; path = PagerViewCell.swift; sourceTree = "<group>"; };
		7495CACF2AE64E2900A02704 /* PagerViewCell.xib */ = {isa = PBXFileReference; lastKnownFileType = file.xib; path = PagerViewCell.xib; sourceTree = "<group>"; };
		7495CADF2AE65A4100A02704 /* LoginSocialViewController.swift */ = {isa = PBXFileReference; lastKnownFileType = sourcecode.swift; path = LoginSocialViewController.swift; sourceTree = "<group>"; };
		7495CAE02AE65A4100A02704 /* LoginSocialViewController.xib */ = {isa = PBXFileReference; lastKnownFileType = file.xib; path = LoginSocialViewController.xib; sourceTree = "<group>"; };
		7495CAE52AE669C600A02704 /* GoogleService-Info.plist */ = {isa = PBXFileReference; fileEncoding = 4; lastKnownFileType = text.plist.xml; path = "GoogleService-Info.plist"; sourceTree = "<group>"; };
		749698202ADE7A7F002F48EE /* Week2ViewController.swift */ = {isa = PBXFileReference; lastKnownFileType = sourcecode.swift; path = Week2ViewController.swift; sourceTree = "<group>"; };
		749698222ADE7D9B002F48EE /* Extensions.swift */ = {isa = PBXFileReference; lastKnownFileType = sourcecode.swift; path = Extensions.swift; sourceTree = "<group>"; };
		749698242ADE8E1B002F48EE /* Week2TableViewController.swift */ = {isa = PBXFileReference; lastKnownFileType = sourcecode.swift; path = Week2TableViewController.swift; sourceTree = "<group>"; };
		749698342ADFBDFD002F48EE /* TableViewCell.swift */ = {isa = PBXFileReference; lastKnownFileType = sourcecode.swift; path = TableViewCell.swift; sourceTree = "<group>"; };
		749698362ADFCADF002F48EE /* Week2View.swift */ = {isa = PBXFileReference; lastKnownFileType = sourcecode.swift; path = Week2View.swift; sourceTree = "<group>"; };
		7496983A2ADFCE57002F48EE /* Week2CollectionViewController.swift */ = {isa = PBXFileReference; lastKnownFileType = sourcecode.swift; path = Week2CollectionViewController.swift; sourceTree = "<group>"; };
		7496983D2ADFCF3F002F48EE /* CollectionViewCell.swift */ = {isa = PBXFileReference; lastKnownFileType = sourcecode.swift; path = CollectionViewCell.swift; sourceTree = "<group>"; };
		749698402ADFD8E5002F48EE /* Movie.swift */ = {isa = PBXFileReference; lastKnownFileType = sourcecode.swift; path = Movie.swift; sourceTree = "<group>"; };
		749698432AE23E42002F48EE /* Week3ViewController.swift */ = {isa = PBXFileReference; lastKnownFileType = sourcecode.swift; path = Week3ViewController.swift; sourceTree = "<group>"; };
		749698452AE23E4C002F48EE /* Week3View.swift */ = {isa = PBXFileReference; lastKnownFileType = sourcecode.swift; path = Week3View.swift; sourceTree = "<group>"; };
		7496984E2AE60DD9002F48EE /* Week3XibViewController.swift */ = {isa = PBXFileReference; lastKnownFileType = sourcecode.swift; path = Week3XibViewController.swift; sourceTree = "<group>"; };
		7496984F2AE60DD9002F48EE /* Week3XibViewController.xib */ = {isa = PBXFileReference; lastKnownFileType = file.xib; path = Week3XibViewController.xib; sourceTree = "<group>"; };
		74AF74542AEFA5E90007FAE1 /* MovieCollectionViewController.swift */ = {isa = PBXFileReference; lastKnownFileType = sourcecode.swift; path = MovieCollectionViewController.swift; sourceTree = "<group>"; };
		74AF74552AEFA5E90007FAE1 /* MovieCollectionViewController.xib */ = {isa = PBXFileReference; lastKnownFileType = file.xib; path = MovieCollectionViewController.xib; sourceTree = "<group>"; };
		74AF74582AEFA62D0007FAE1 /* MovieCollectionViewCell.swift */ = {isa = PBXFileReference; lastKnownFileType = sourcecode.swift; path = MovieCollectionViewCell.swift; sourceTree = "<group>"; };
		74AF74592AEFA62D0007FAE1 /* MovieCollectionViewCell.xib */ = {isa = PBXFileReference; lastKnownFileType = file.xib; path = MovieCollectionViewCell.xib; sourceTree = "<group>"; };
		74D32A5C2AF0D8A20021294F /* WKBrowserController.swift */ = {isa = PBXFileReference; lastKnownFileType = sourcecode.swift; path = WKBrowserController.swift; sourceTree = "<group>"; };
		74D32A5F2AF1E9450021294F /* Global.swift */ = {isa = PBXFileReference; lastKnownFileType = sourcecode.swift; path = Global.swift; sourceTree = "<group>"; };
		74ECBA852AE79B90003A358C /* training-ios.entitlements */ = {isa = PBXFileReference; lastKnownFileType = text.plist.entitlements; path = "training-ios.entitlements"; sourceTree = "<group>"; };
		9E8DEBB35BC422A18498E6D3 /* Pods-training-ios.release.xcconfig */ = {isa = PBXFileReference; includeInIndex = 1; lastKnownFileType = text.xcconfig; name = "Pods-training-ios.release.xcconfig"; path = "Target Support Files/Pods-training-ios/Pods-training-ios.release.xcconfig"; sourceTree = "<group>"; };
		DFB28A6D02BA5CC4D257FF6C /* Pods-training-ios.debug.xcconfig */ = {isa = PBXFileReference; includeInIndex = 1; lastKnownFileType = text.xcconfig; name = "Pods-training-ios.debug.xcconfig"; path = "Target Support Files/Pods-training-ios/Pods-training-ios.debug.xcconfig"; sourceTree = "<group>"; };
/* End PBXFileReference section */

/* Begin PBXFrameworksBuildPhase section */
		74200D662ADCF66C0069D796 /* Frameworks */ = {
			isa = PBXFrameworksBuildPhase;
			buildActionMask = 2147483647;
			files = (
				7453EB442AE903F900E1FAB3 /* FirebaseMessaging in Frameworks */,
				74ECBA842AE799E8003A358C /* FacebookLogin in Frameworks */,
				7453EB462AE903F900E1FAB3 /* FirebaseStorage in Frameworks */,
				7453EB402AE903F900E1FAB3 /* FirebaseAuth in Frameworks */,
				0E4E1DD76378738ABC201635 /* Pods_training_ios.framework in Frameworks */,
				7453EB502AEF408900E1FAB3 /* Alamofire in Frameworks */,
				74ECBA822AE799E8003A358C /* FacebookCore in Frameworks */,
				74ECBA802AE799E8003A358C /* FacebookBasics in Frameworks */,
				7453EB422AE903F900E1FAB3 /* FirebaseDatabase in Frameworks */,
				7495CAD82AE6576100A02704 /* GoogleSignIn in Frameworks */,
			);
			runOnlyForDeploymentPostprocessing = 0;
		};
/* End PBXFrameworksBuildPhase section */

/* Begin PBXGroup section */
		55CB15789EB0401FA8B4B708 /* Frameworks */ = {
			isa = PBXGroup;
			children = (
				335FE9F5E9C068D983F16EF2 /* Pods_training_ios.framework */,
			);
			name = Frameworks;
			sourceTree = "<group>";
		};
		630142564B7F64C3F56BB65B /* Pods */ = {
			isa = PBXGroup;
			children = (
				DFB28A6D02BA5CC4D257FF6C /* Pods-training-ios.debug.xcconfig */,
				9E8DEBB35BC422A18498E6D3 /* Pods-training-ios.release.xcconfig */,
			);
			path = Pods;
			sourceTree = "<group>";
		};
		74200D602ADCF66C0069D796 = {
			isa = PBXGroup;
			children = (
				74200D6B2ADCF66C0069D796 /* training-ios */,
				74200D6A2ADCF66C0069D796 /* Products */,
				630142564B7F64C3F56BB65B /* Pods */,
				55CB15789EB0401FA8B4B708 /* Frameworks */,
			);
			sourceTree = "<group>";
		};
		74200D6A2ADCF66C0069D796 /* Products */ = {
			isa = PBXGroup;
			children = (
				74200D692ADCF66C0069D796 /* training-ios.app */,
			);
			name = Products;
			sourceTree = "<group>";
		};
		74200D6B2ADCF66C0069D796 /* training-ios */ = {
			isa = PBXGroup;
			children = (
				74D32A5E2AF1E9380021294F /* Global */,
				7453EB5D2AEF53FA00E1FAB3 /* API */,
				7453EB492AEA58F300E1FAB3 /* Week4 */,
				74ECBA852AE79B90003A358C /* training-ios.entitlements */,
				749698422AE23E03002F48EE /* Week3 */,
				7496981F2ADE7A75002F48EE /* Week2 */,
				7496981D2ADE7A5C002F48EE /* Week1 */,
				74200D6C2ADCF66C0069D796 /* AppDelegate.swift */,
				74200D6E2ADCF66C0069D796 /* SceneDelegate.swift */,
				74200D752ADCF66D0069D796 /* Assets.xcassets */,
				74200D772ADCF66D0069D796 /* LaunchScreen.storyboard */,
				7495CAE52AE669C600A02704 /* GoogleService-Info.plist */,
				74200D7A2ADCF66D0069D796 /* Info.plist */,
				749698222ADE7D9B002F48EE /* Extensions.swift */,
			);
			path = "training-ios";
			sourceTree = "<group>";
		};
		7422F4382AEF930C0035216B /* CreateUserViewController */ = {
			isa = PBXGroup;
			children = (
				7422F43D2AEF93DF0035216B /* CreateUserViewController.swift */,
				7422F43E2AEF93DF0035216B /* CreateUserViewController.xib */,
			);
			path = CreateUserViewController;
			sourceTree = "<group>";
		};
		7453EB492AEA58F300E1FAB3 /* Week4 */ = {
			isa = PBXGroup;
			children = (
				74D32A5B2AF0D8990021294F /* WKBrowserController */,
				74AF74532AEFA5BF0007FAE1 /* MovieCollectionView */,
				7422F4382AEF930C0035216B /* CreateUserViewController */,
				7453EB692AEF836900E1FAB3 /* UserTableViewController */,
				7453EB4A2AEA590500E1FAB3 /* Week4ViewController.swift */,
				7453EB4B2AEA590500E1FAB3 /* Week4ViewController.xib */,
			);
			path = Week4;
			sourceTree = "<group>";
		};
		7453EB5D2AEF53FA00E1FAB3 /* API */ = {
			isa = PBXGroup;
			children = (
				7453EB602AEF542300E1FAB3 /* Model */,
				7453EB5E2AEF540700E1FAB3 /* APIFetchHandler.swift */,
			);
			path = API;
			sourceTree = "<group>";
		};
		7453EB602AEF542300E1FAB3 /* Model */ = {
			isa = PBXGroup;
			children = (
				7453EB612AEF542B00E1FAB3 /* Model.swift */,
			);
			path = Model;
			sourceTree = "<group>";
		};
		7453EB692AEF836900E1FAB3 /* UserTableViewController */ = {
			isa = PBXGroup;
			children = (
				7453EB6A2AEF839600E1FAB3 /* UserTableViewController.swift */,
				7453EB6B2AEF839600E1FAB3 /* UserTableViewController.xib */,
			);
			path = UserTableViewController;
			sourceTree = "<group>";
		};
		7495CAC02AE64A5700A02704 /* FSPagerView */ = {
			isa = PBXGroup;
			children = (
				7495CAC12AE64A6400A02704 /* FSPagerViewCell */,
				7495CABC2AE6478A00A02704 /* FSPagerViewController.swift */,
				7495CABD2AE6478A00A02704 /* FSPagerViewController.xib */,
			);
			path = FSPagerView;
			sourceTree = "<group>";
		};
		7495CAC12AE64A6400A02704 /* FSPagerViewCell */ = {
			isa = PBXGroup;
			children = (
				7495CACE2AE64E2900A02704 /* PagerViewCell.swift */,
				7495CACF2AE64E2900A02704 /* PagerViewCell.xib */,
			);
			path = FSPagerViewCell;
			sourceTree = "<group>";
		};
		7495CADC2AE65A1700A02704 /* LoginSocial */ = {
			isa = PBXGroup;
			children = (
				7495CADF2AE65A4100A02704 /* LoginSocialViewController.swift */,
				7495CAE02AE65A4100A02704 /* LoginSocialViewController.xib */,
			);
			path = LoginSocial;
			sourceTree = "<group>";
		};
		7496981D2ADE7A5C002F48EE /* Week1 */ = {
			isa = PBXGroup;
			children = (
				74200D702ADCF66C0069D796 /* ViewController.swift */,
				742E42522ADD4CE100259373 /* ViewController2.swift */,
			);
			path = Week1;
			sourceTree = "<group>";
		};
		7496981F2ADE7A75002F48EE /* Week2 */ = {
			isa = PBXGroup;
			children = (
				7496983F2ADFD8DE002F48EE /* Model */,
				749698262ADE933F002F48EE /* TableViewCell */,
				7496983C2ADFCF2F002F48EE /* CollectionViewCell */,
				749698202ADE7A7F002F48EE /* Week2ViewController.swift */,
				749698362ADFCADF002F48EE /* Week2View.swift */,
				7496983A2ADFCE57002F48EE /* Week2CollectionViewController.swift */,
				749698242ADE8E1B002F48EE /* Week2TableViewController.swift */,
			);
			path = Week2;
			sourceTree = "<group>";
		};
		749698262ADE933F002F48EE /* TableViewCell */ = {
			isa = PBXGroup;
			children = (
				749698342ADFBDFD002F48EE /* TableViewCell.swift */,
			);
			path = TableViewCell;
			sourceTree = "<group>";
		};
		7496983C2ADFCF2F002F48EE /* CollectionViewCell */ = {
			isa = PBXGroup;
			children = (
				7496983D2ADFCF3F002F48EE /* CollectionViewCell.swift */,
			);
			path = CollectionViewCell;
			sourceTree = "<group>";
		};
		7496983F2ADFD8DE002F48EE /* Model */ = {
			isa = PBXGroup;
			children = (
				749698402ADFD8E5002F48EE /* Movie.swift */,
			);
			path = Model;
			sourceTree = "<group>";
		};
		749698422AE23E03002F48EE /* Week3 */ = {
			isa = PBXGroup;
			children = (
				7495CADC2AE65A1700A02704 /* LoginSocial */,
				7495CAC02AE64A5700A02704 /* FSPagerView */,
				749698432AE23E42002F48EE /* Week3ViewController.swift */,
				7496984E2AE60DD9002F48EE /* Week3XibViewController.swift */,
				7496984F2AE60DD9002F48EE /* Week3XibViewController.xib */,
				749698452AE23E4C002F48EE /* Week3View.swift */,
			);
			path = Week3;
			sourceTree = "<group>";
		};
		74AF74532AEFA5BF0007FAE1 /* MovieCollectionView */ = {
			isa = PBXGroup;
			children = (
				74AF74542AEFA5E90007FAE1 /* MovieCollectionViewController.swift */,
				74AF74552AEFA5E90007FAE1 /* MovieCollectionViewController.xib */,
				74AF74582AEFA62D0007FAE1 /* MovieCollectionViewCell.swift */,
				74AF74592AEFA62D0007FAE1 /* MovieCollectionViewCell.xib */,
			);
			path = MovieCollectionView;
			sourceTree = "<group>";
		};
		74D32A5B2AF0D8990021294F /* WKBrowserController */ = {
			isa = PBXGroup;
			children = (
				74D32A5C2AF0D8A20021294F /* WKBrowserController.swift */,
			);
			path = WKBrowserController;
			sourceTree = "<group>";
		};
		74D32A5E2AF1E9380021294F /* Global */ = {
			isa = PBXGroup;
			children = (
				74D32A5F2AF1E9450021294F /* Global.swift */,
			);
			path = Global;
			sourceTree = "<group>";
		};
/* End PBXGroup section */

/* Begin PBXNativeTarget section */
		74200D682ADCF66C0069D796 /* training-ios */ = {
			isa = PBXNativeTarget;
			buildConfigurationList = 74200D7D2ADCF66D0069D796 /* Build configuration list for PBXNativeTarget "training-ios" */;
			buildPhases = (
				45F7B8CE203F4FBEAB4D62B2 /* [CP] Check Pods Manifest.lock */,
				74200D652ADCF66C0069D796 /* Sources */,
				74200D662ADCF66C0069D796 /* Frameworks */,
				74200D672ADCF66C0069D796 /* Resources */,
				206324E6705BC26ABFD7A4F2 /* [CP] Embed Pods Frameworks */,
			);
			buildRules = (
			);
			dependencies = (
			);
			name = "training-ios";
			packageProductDependencies = (
				7495CAD72AE6576100A02704 /* GoogleSignIn */,
				74ECBA7F2AE799E8003A358C /* FacebookBasics */,
				74ECBA812AE799E8003A358C /* FacebookCore */,
				74ECBA832AE799E8003A358C /* FacebookLogin */,
				7453EB3F2AE903F900E1FAB3 /* FirebaseAuth */,
				7453EB412AE903F900E1FAB3 /* FirebaseDatabase */,
				7453EB432AE903F900E1FAB3 /* FirebaseMessaging */,
				7453EB452AE903F900E1FAB3 /* FirebaseStorage */,
				7453EB4F2AEF408900E1FAB3 /* Alamofire */,
			);
			productName = "training-ios";
			productReference = 74200D692ADCF66C0069D796 /* training-ios.app */;
			productType = "com.apple.product-type.application";
		};
/* End PBXNativeTarget section */

/* Begin PBXProject section */
		74200D612ADCF66C0069D796 /* Project object */ = {
			isa = PBXProject;
			attributes = {
				BuildIndependentTargetsInParallel = 1;
				LastSwiftUpdateCheck = 1430;
				LastUpgradeCheck = 1430;
				TargetAttributes = {
					74200D682ADCF66C0069D796 = {
						CreatedOnToolsVersion = 14.3.1;
					};
				};
			};
			buildConfigurationList = 74200D642ADCF66C0069D796 /* Build configuration list for PBXProject "training-ios" */;
			compatibilityVersion = "Xcode 14.0";
			developmentRegion = en;
			hasScannedForEncodings = 0;
			knownRegions = (
				en,
				Base,
			);
			mainGroup = 74200D602ADCF66C0069D796;
			packageReferences = (
				7495CAD62AE6576000A02704 /* XCRemoteSwiftPackageReference "GoogleSignIn-iOS" */,
				74ECBA7E2AE799E8003A358C /* XCRemoteSwiftPackageReference "facebook-ios-sdk" */,
				7453EB3E2AE903F900E1FAB3 /* XCRemoteSwiftPackageReference "firebase-ios-sdk" */,
				7453EB4E2AEF408900E1FAB3 /* XCRemoteSwiftPackageReference "Alamofire" */,
			);
			productRefGroup = 74200D6A2ADCF66C0069D796 /* Products */;
			projectDirPath = "";
			projectRoot = "";
			targets = (
				74200D682ADCF66C0069D796 /* training-ios */,
			);
		};
/* End PBXProject section */

/* Begin PBXResourcesBuildPhase section */
		74200D672ADCF66C0069D796 /* Resources */ = {
			isa = PBXResourcesBuildPhase;
			buildActionMask = 2147483647;
			files = (
				74200D792ADCF66D0069D796 /* LaunchScreen.storyboard in Resources */,
				7495CABF2AE6478A00A02704 /* FSPagerViewController.xib in Resources */,
				7495CAE22AE65A4100A02704 /* LoginSocialViewController.xib in Resources */,
				749698512AE60DD9002F48EE /* Week3XibViewController.xib in Resources */,
				74200D762ADCF66D0069D796 /* Assets.xcassets in Resources */,
				7495CAE62AE669C600A02704 /* GoogleService-Info.plist in Resources */,
				7422F4402AEF93DF0035216B /* CreateUserViewController.xib in Resources */,
				7495CAD12AE64E2900A02704 /* PagerViewCell.xib in Resources */,
				7453EB6D2AEF839600E1FAB3 /* UserTableViewController.xib in Resources */,
				7453EB4D2AEA590500E1FAB3 /* Week4ViewController.xib in Resources */,
				74AF74572AEFA5E90007FAE1 /* MovieCollectionViewController.xib in Resources */,
				74AF745B2AEFA62D0007FAE1 /* MovieCollectionViewCell.xib in Resources */,
			);
			runOnlyForDeploymentPostprocessing = 0;
		};
/* End PBXResourcesBuildPhase section */

/* Begin PBXShellScriptBuildPhase section */
		206324E6705BC26ABFD7A4F2 /* [CP] Embed Pods Frameworks */ = {
			isa = PBXShellScriptBuildPhase;
			buildActionMask = 2147483647;
			files = (
			);
			inputFileListPaths = (
				"${PODS_ROOT}/Target Support Files/Pods-training-ios/Pods-training-ios-frameworks-${CONFIGURATION}-input-files.xcfilelist",
			);
			name = "[CP] Embed Pods Frameworks";
			outputFileListPaths = (
				"${PODS_ROOT}/Target Support Files/Pods-training-ios/Pods-training-ios-frameworks-${CONFIGURATION}-output-files.xcfilelist",
			);
			runOnlyForDeploymentPostprocessing = 0;
			shellPath = /bin/sh;
			shellScript = "\"${PODS_ROOT}/Target Support Files/Pods-training-ios/Pods-training-ios-frameworks.sh\"\n";
			showEnvVarsInLog = 0;
		};
		45F7B8CE203F4FBEAB4D62B2 /* [CP] Check Pods Manifest.lock */ = {
			isa = PBXShellScriptBuildPhase;
			buildActionMask = 2147483647;
			files = (
			);
			inputFileListPaths = (
			);
			inputPaths = (
				"${PODS_PODFILE_DIR_PATH}/Podfile.lock",
				"${PODS_ROOT}/Manifest.lock",
			);
			name = "[CP] Check Pods Manifest.lock";
			outputFileListPaths = (
			);
			outputPaths = (
				"$(DERIVED_FILE_DIR)/Pods-training-ios-checkManifestLockResult.txt",
			);
			runOnlyForDeploymentPostprocessing = 0;
			shellPath = /bin/sh;
			shellScript = "diff \"${PODS_PODFILE_DIR_PATH}/Podfile.lock\" \"${PODS_ROOT}/Manifest.lock\" > /dev/null\nif [ $? != 0 ] ; then\n    # print error to STDERR\n    echo \"error: The sandbox is not in sync with the Podfile.lock. Run 'pod install' or update your CocoaPods installation.\" >&2\n    exit 1\nfi\n# This output is used by Xcode 'outputs' to avoid re-running this script phase.\necho \"SUCCESS\" > \"${SCRIPT_OUTPUT_FILE_0}\"\n";
			showEnvVarsInLog = 0;
		};
/* End PBXShellScriptBuildPhase section */

/* Begin PBXSourcesBuildPhase section */
		74200D652ADCF66C0069D796 /* Sources */ = {
			isa = PBXSourcesBuildPhase;
			buildActionMask = 2147483647;
			files = (
				7453EB4C2AEA590500E1FAB3 /* Week4ViewController.swift in Sources */,
				74200D712ADCF66C0069D796 /* ViewController.swift in Sources */,
				749698412ADFD8E6002F48EE /* Movie.swift in Sources */,
				749698372ADFCADF002F48EE /* Week2View.swift in Sources */,
				749698352ADFBDFD002F48EE /* TableViewCell.swift in Sources */,
				749698232ADE7D9B002F48EE /* Extensions.swift in Sources */,
				749698252ADE8E1B002F48EE /* Week2TableViewController.swift in Sources */,
				7495CAD02AE64E2900A02704 /* PagerViewCell.swift in Sources */,
				749698462AE23E4C002F48EE /* Week3View.swift in Sources */,
				749698502AE60DD9002F48EE /* Week3XibViewController.swift in Sources */,
				7422F43F2AEF93DF0035216B /* CreateUserViewController.swift in Sources */,
				7453EB5F2AEF540700E1FAB3 /* APIFetchHandler.swift in Sources */,
				742E42532ADD4CE100259373 /* ViewController2.swift in Sources */,
				74200D6D2ADCF66C0069D796 /* AppDelegate.swift in Sources */,
				74200D6F2ADCF66C0069D796 /* SceneDelegate.swift in Sources */,
				7453EB622AEF542B00E1FAB3 /* Model.swift in Sources */,
				749698442AE23E42002F48EE /* Week3ViewController.swift in Sources */,
				74AF745A2AEFA62D0007FAE1 /* MovieCollectionViewCell.swift in Sources */,
				74AF74562AEFA5E90007FAE1 /* MovieCollectionViewController.swift in Sources */,
				749698212ADE7A7F002F48EE /* Week2ViewController.swift in Sources */,
				7495CABE2AE6478A00A02704 /* FSPagerViewController.swift in Sources */,
				7495CAE12AE65A4100A02704 /* LoginSocialViewController.swift in Sources */,
				7496983B2ADFCE57002F48EE /* Week2CollectionViewController.swift in Sources */,
				74D32A5D2AF0D8A20021294F /* WKBrowserController.swift in Sources */,
				7453EB6C2AEF839600E1FAB3 /* UserTableViewController.swift in Sources */,
				7496983E2ADFCF3F002F48EE /* CollectionViewCell.swift in Sources */,
				74D32A602AF1E9450021294F /* Global.swift in Sources */,
			);
			runOnlyForDeploymentPostprocessing = 0;
		};
/* End PBXSourcesBuildPhase section */

/* Begin PBXVariantGroup section */
		74200D772ADCF66D0069D796 /* LaunchScreen.storyboard */ = {
			isa = PBXVariantGroup;
			children = (
				74200D782ADCF66D0069D796 /* Base */,
			);
			name = LaunchScreen.storyboard;
			sourceTree = "<group>";
		};
/* End PBXVariantGroup section */

/* Begin XCBuildConfiguration section */
		74200D7B2ADCF66D0069D796 /* Debug */ = {
			isa = XCBuildConfiguration;
			buildSettings = {
				ALWAYS_SEARCH_USER_PATHS = NO;
				CLANG_ANALYZER_NONNULL = YES;
				CLANG_ANALYZER_NUMBER_OBJECT_CONVERSION = YES_AGGRESSIVE;
				CLANG_CXX_LANGUAGE_STANDARD = "gnu++20";
				CLANG_ENABLE_MODULES = YES;
				CLANG_ENABLE_OBJC_ARC = YES;
				CLANG_ENABLE_OBJC_WEAK = YES;
				CLANG_WARN_BLOCK_CAPTURE_AUTORELEASING = YES;
				CLANG_WARN_BOOL_CONVERSION = YES;
				CLANG_WARN_COMMA = YES;
				CLANG_WARN_CONSTANT_CONVERSION = YES;
				CLANG_WARN_DEPRECATED_OBJC_IMPLEMENTATIONS = YES;
				CLANG_WARN_DIRECT_OBJC_ISA_USAGE = YES_ERROR;
				CLANG_WARN_DOCUMENTATION_COMMENTS = YES;
				CLANG_WARN_EMPTY_BODY = YES;
				CLANG_WARN_ENUM_CONVERSION = YES;
				CLANG_WARN_INFINITE_RECURSION = YES;
				CLANG_WARN_INT_CONVERSION = YES;
				CLANG_WARN_NON_LITERAL_NULL_CONVERSION = YES;
				CLANG_WARN_OBJC_IMPLICIT_RETAIN_SELF = YES;
				CLANG_WARN_OBJC_LITERAL_CONVERSION = YES;
				CLANG_WARN_OBJC_ROOT_CLASS = YES_ERROR;
				CLANG_WARN_QUOTED_INCLUDE_IN_FRAMEWORK_HEADER = YES;
				CLANG_WARN_RANGE_LOOP_ANALYSIS = YES;
				CLANG_WARN_STRICT_PROTOTYPES = YES;
				CLANG_WARN_SUSPICIOUS_MOVE = YES;
				CLANG_WARN_UNGUARDED_AVAILABILITY = YES_AGGRESSIVE;
				CLANG_WARN_UNREACHABLE_CODE = YES;
				CLANG_WARN__DUPLICATE_METHOD_MATCH = YES;
				COPY_PHASE_STRIP = NO;
				DEBUG_INFORMATION_FORMAT = dwarf;
				ENABLE_STRICT_OBJC_MSGSEND = YES;
				ENABLE_TESTABILITY = YES;
				GCC_C_LANGUAGE_STANDARD = gnu11;
				GCC_DYNAMIC_NO_PIC = NO;
				GCC_NO_COMMON_BLOCKS = YES;
				GCC_OPTIMIZATION_LEVEL = 0;
				GCC_PREPROCESSOR_DEFINITIONS = (
					"DEBUG=1",
					"$(inherited)",
				);
				GCC_WARN_64_TO_32_BIT_CONVERSION = YES;
				GCC_WARN_ABOUT_RETURN_TYPE = YES_ERROR;
				GCC_WARN_UNDECLARED_SELECTOR = YES;
				GCC_WARN_UNINITIALIZED_AUTOS = YES_AGGRESSIVE;
				GCC_WARN_UNUSED_FUNCTION = YES;
				GCC_WARN_UNUSED_VARIABLE = YES;
				IPHONEOS_DEPLOYMENT_TARGET = 16.4;
				MTL_ENABLE_DEBUG_INFO = INCLUDE_SOURCE;
				MTL_FAST_MATH = YES;
				ONLY_ACTIVE_ARCH = YES;
				SDKROOT = iphoneos;
				SWIFT_ACTIVE_COMPILATION_CONDITIONS = DEBUG;
				SWIFT_OPTIMIZATION_LEVEL = "-Onone";
			};
			name = Debug;
		};
		74200D7C2ADCF66D0069D796 /* Release */ = {
			isa = XCBuildConfiguration;
			buildSettings = {
				ALWAYS_SEARCH_USER_PATHS = NO;
				CLANG_ANALYZER_NONNULL = YES;
				CLANG_ANALYZER_NUMBER_OBJECT_CONVERSION = YES_AGGRESSIVE;
				CLANG_CXX_LANGUAGE_STANDARD = "gnu++20";
				CLANG_ENABLE_MODULES = YES;
				CLANG_ENABLE_OBJC_ARC = YES;
				CLANG_ENABLE_OBJC_WEAK = YES;
				CLANG_WARN_BLOCK_CAPTURE_AUTORELEASING = YES;
				CLANG_WARN_BOOL_CONVERSION = YES;
				CLANG_WARN_COMMA = YES;
				CLANG_WARN_CONSTANT_CONVERSION = YES;
				CLANG_WARN_DEPRECATED_OBJC_IMPLEMENTATIONS = YES;
				CLANG_WARN_DIRECT_OBJC_ISA_USAGE = YES_ERROR;
				CLANG_WARN_DOCUMENTATION_COMMENTS = YES;
				CLANG_WARN_EMPTY_BODY = YES;
				CLANG_WARN_ENUM_CONVERSION = YES;
				CLANG_WARN_INFINITE_RECURSION = YES;
				CLANG_WARN_INT_CONVERSION = YES;
				CLANG_WARN_NON_LITERAL_NULL_CONVERSION = YES;
				CLANG_WARN_OBJC_IMPLICIT_RETAIN_SELF = YES;
				CLANG_WARN_OBJC_LITERAL_CONVERSION = YES;
				CLANG_WARN_OBJC_ROOT_CLASS = YES_ERROR;
				CLANG_WARN_QUOTED_INCLUDE_IN_FRAMEWORK_HEADER = YES;
				CLANG_WARN_RANGE_LOOP_ANALYSIS = YES;
				CLANG_WARN_STRICT_PROTOTYPES = YES;
				CLANG_WARN_SUSPICIOUS_MOVE = YES;
				CLANG_WARN_UNGUARDED_AVAILABILITY = YES_AGGRESSIVE;
				CLANG_WARN_UNREACHABLE_CODE = YES;
				CLANG_WARN__DUPLICATE_METHOD_MATCH = YES;
				COPY_PHASE_STRIP = NO;
				DEBUG_INFORMATION_FORMAT = "dwarf-with-dsym";
				ENABLE_NS_ASSERTIONS = NO;
				ENABLE_STRICT_OBJC_MSGSEND = YES;
				GCC_C_LANGUAGE_STANDARD = gnu11;
				GCC_NO_COMMON_BLOCKS = YES;
				GCC_WARN_64_TO_32_BIT_CONVERSION = YES;
				GCC_WARN_ABOUT_RETURN_TYPE = YES_ERROR;
				GCC_WARN_UNDECLARED_SELECTOR = YES;
				GCC_WARN_UNINITIALIZED_AUTOS = YES_AGGRESSIVE;
				GCC_WARN_UNUSED_FUNCTION = YES;
				GCC_WARN_UNUSED_VARIABLE = YES;
				IPHONEOS_DEPLOYMENT_TARGET = 16.4;
				MTL_ENABLE_DEBUG_INFO = NO;
				MTL_FAST_MATH = YES;
				SDKROOT = iphoneos;
				SWIFT_COMPILATION_MODE = wholemodule;
				SWIFT_OPTIMIZATION_LEVEL = "-O";
				VALIDATE_PRODUCT = YES;
			};
			name = Release;
		};
		74200D7E2ADCF66D0069D796 /* Debug */ = {
			isa = XCBuildConfiguration;
			baseConfigurationReference = DFB28A6D02BA5CC4D257FF6C /* Pods-training-ios.debug.xcconfig */;
			buildSettings = {
				ASSETCATALOG_COMPILER_APPICON_NAME = AppIcon;
				ASSETCATALOG_COMPILER_GLOBAL_ACCENT_COLOR_NAME = AccentColor;
				CODE_SIGN_ENTITLEMENTS = "training-ios/training-ios.entitlements";
				CODE_SIGN_IDENTITY = "Apple Development";
				CODE_SIGN_STYLE = Automatic;
				CURRENT_PROJECT_VERSION = 1;
				DEVELOPMENT_TEAM = S952RST7JQ;
				GENERATE_INFOPLIST_FILE = YES;
				INFOPLIST_FILE = "training-ios/Info.plist";
				INFOPLIST_KEY_UIApplicationSupportsIndirectInputEvents = YES;
				INFOPLIST_KEY_UILaunchStoryboardName = LaunchScreen;
				INFOPLIST_KEY_UISupportedInterfaceOrientations_iPad = "UIInterfaceOrientationPortrait UIInterfaceOrientationPortraitUpsideDown UIInterfaceOrientationLandscapeLeft UIInterfaceOrientationLandscapeRight";
				INFOPLIST_KEY_UISupportedInterfaceOrientations_iPhone = "UIInterfaceOrientationPortrait UIInterfaceOrientationLandscapeLeft UIInterfaceOrientationLandscapeRight";
				IPHONEOS_DEPLOYMENT_TARGET = 15.0;
				LD_RUNPATH_SEARCH_PATHS = (
					"$(inherited)",
					"@executable_path/Frameworks",
				);
				MARKETING_VERSION = 1.0;
				PRODUCT_BUNDLE_IDENTIFIER = "btq.training-ios";
				PRODUCT_NAME = "$(TARGET_NAME)";
				PROVISIONING_PROFILE_SPECIFIER = "";
				SWIFT_EMIT_LOC_STRINGS = YES;
				SWIFT_VERSION = 5.0;
				TARGETED_DEVICE_FAMILY = "1,2";
			};
			name = Debug;
		};
		74200D7F2ADCF66D0069D796 /* Release */ = {
			isa = XCBuildConfiguration;
			baseConfigurationReference = 9E8DEBB35BC422A18498E6D3 /* Pods-training-ios.release.xcconfig */;
			buildSettings = {
				ASSETCATALOG_COMPILER_APPICON_NAME = AppIcon;
				ASSETCATALOG_COMPILER_GLOBAL_ACCENT_COLOR_NAME = AccentColor;
				CODE_SIGN_ENTITLEMENTS = "training-ios/training-ios.entitlements";
				CODE_SIGN_IDENTITY = "Apple Development";
				CODE_SIGN_STYLE = Automatic;
				CURRENT_PROJECT_VERSION = 1;
				DEVELOPMENT_TEAM = S952RST7JQ;
				GENERATE_INFOPLIST_FILE = YES;
				INFOPLIST_FILE = "training-ios/Info.plist";
				INFOPLIST_KEY_UIApplicationSupportsIndirectInputEvents = YES;
				INFOPLIST_KEY_UILaunchStoryboardName = LaunchScreen;
				INFOPLIST_KEY_UISupportedInterfaceOrientations_iPad = "UIInterfaceOrientationPortrait UIInterfaceOrientationPortraitUpsideDown UIInterfaceOrientationLandscapeLeft UIInterfaceOrientationLandscapeRight";
				INFOPLIST_KEY_UISupportedInterfaceOrientations_iPhone = "UIInterfaceOrientationPortrait UIInterfaceOrientationLandscapeLeft UIInterfaceOrientationLandscapeRight";
				IPHONEOS_DEPLOYMENT_TARGET = 15.0;
				LD_RUNPATH_SEARCH_PATHS = (
					"$(inherited)",
					"@executable_path/Frameworks",
				);
				MARKETING_VERSION = 1.0;
				PRODUCT_BUNDLE_IDENTIFIER = "btq.training-ios";
				PRODUCT_NAME = "$(TARGET_NAME)";
				PROVISIONING_PROFILE_SPECIFIER = "";
				SWIFT_EMIT_LOC_STRINGS = YES;
				SWIFT_VERSION = 5.0;
				TARGETED_DEVICE_FAMILY = "1,2";
			};
			name = Release;
		};
/* End XCBuildConfiguration section */

/* Begin XCConfigurationList section */
		74200D642ADCF66C0069D796 /* Build configuration list for PBXProject "training-ios" */ = {
			isa = XCConfigurationList;
			buildConfigurations = (
				74200D7B2ADCF66D0069D796 /* Debug */,
				74200D7C2ADCF66D0069D796 /* Release */,
			);
			defaultConfigurationIsVisible = 0;
			defaultConfigurationName = Release;
		};
		74200D7D2ADCF66D0069D796 /* Build configuration list for PBXNativeTarget "training-ios" */ = {
			isa = XCConfigurationList;
			buildConfigurations = (
				74200D7E2ADCF66D0069D796 /* Debug */,
				74200D7F2ADCF66D0069D796 /* Release */,
			);
			defaultConfigurationIsVisible = 0;
			defaultConfigurationName = Release;
		};
/* End XCConfigurationList section */

/* Begin XCRemoteSwiftPackageReference section */
		7453EB3E2AE903F900E1FAB3 /* XCRemoteSwiftPackageReference "firebase-ios-sdk" */ = {
			isa = XCRemoteSwiftPackageReference;
			repositoryURL = "https://github.com/firebase/firebase-ios-sdk.git";
			requirement = {
				kind = upToNextMajorVersion;
				minimumVersion = 10.0.0;
			};
		};
		7453EB4E2AEF408900E1FAB3 /* XCRemoteSwiftPackageReference "Alamofire" */ = {
			isa = XCRemoteSwiftPackageReference;
			repositoryURL = "https://github.com/Alamofire/Alamofire.git";
			requirement = {
				kind = upToNextMajorVersion;
				minimumVersion = 5.0.0;
			};
		};
		7495CAD62AE6576000A02704 /* XCRemoteSwiftPackageReference "GoogleSignIn-iOS" */ = {
			isa = XCRemoteSwiftPackageReference;
			repositoryURL = "https://github.com/google/GoogleSignIn-iOS";
			requirement = {
				kind = upToNextMajorVersion;
				minimumVersion = 7.0.0;
			};
		};
		74ECBA7E2AE799E8003A358C /* XCRemoteSwiftPackageReference "facebook-ios-sdk" */ = {
			isa = XCRemoteSwiftPackageReference;
			repositoryURL = "https://github.com/facebook/facebook-ios-sdk";
			requirement = {
				kind = upToNextMajorVersion;
				minimumVersion = 14.0.0;
			};
		};
/* End XCRemoteSwiftPackageReference section */

/* Begin XCSwiftPackageProductDependency section */
		7453EB3F2AE903F900E1FAB3 /* FirebaseAuth */ = {
			isa = XCSwiftPackageProductDependency;
			package = 7453EB3E2AE903F900E1FAB3 /* XCRemoteSwiftPackageReference "firebase-ios-sdk" */;
			productName = FirebaseAuth;
		};
		7453EB412AE903F900E1FAB3 /* FirebaseDatabase */ = {
			isa = XCSwiftPackageProductDependency;
			package = 7453EB3E2AE903F900E1FAB3 /* XCRemoteSwiftPackageReference "firebase-ios-sdk" */;
			productName = FirebaseDatabase;
		};
		7453EB432AE903F900E1FAB3 /* FirebaseMessaging */ = {
			isa = XCSwiftPackageProductDependency;
			package = 7453EB3E2AE903F900E1FAB3 /* XCRemoteSwiftPackageReference "firebase-ios-sdk" */;
			productName = FirebaseMessaging;
		};
		7453EB452AE903F900E1FAB3 /* FirebaseStorage */ = {
			isa = XCSwiftPackageProductDependency;
			package = 7453EB3E2AE903F900E1FAB3 /* XCRemoteSwiftPackageReference "firebase-ios-sdk" */;
			productName = FirebaseStorage;
		};
		7453EB4F2AEF408900E1FAB3 /* Alamofire */ = {
			isa = XCSwiftPackageProductDependency;
			package = 7453EB4E2AEF408900E1FAB3 /* XCRemoteSwiftPackageReference "Alamofire" */;
			productName = Alamofire;
		};
		7495CAD72AE6576100A02704 /* GoogleSignIn */ = {
			isa = XCSwiftPackageProductDependency;
			package = 7495CAD62AE6576000A02704 /* XCRemoteSwiftPackageReference "GoogleSignIn-iOS" */;
			productName = GoogleSignIn;
		};
		74ECBA7F2AE799E8003A358C /* FacebookBasics */ = {
			isa = XCSwiftPackageProductDependency;
			package = 74ECBA7E2AE799E8003A358C /* XCRemoteSwiftPackageReference "facebook-ios-sdk" */;
			productName = FacebookBasics;
		};
		74ECBA812AE799E8003A358C /* FacebookCore */ = {
			isa = XCSwiftPackageProductDependency;
			package = 74ECBA7E2AE799E8003A358C /* XCRemoteSwiftPackageReference "facebook-ios-sdk" */;
			productName = FacebookCore;
		};
		74ECBA832AE799E8003A358C /* FacebookLogin */ = {
			isa = XCSwiftPackageProductDependency;
			package = 74ECBA7E2AE799E8003A358C /* XCRemoteSwiftPackageReference "facebook-ios-sdk" */;
			productName = FacebookLogin;
		};
/* End XCSwiftPackageProductDependency section */
	};
	rootObject = 74200D612ADCF66C0069D796 /* Project object */;
}
